
Microsoft Visual Studio Solution File, Format Version 12.00
# Visual Studio Version 17
VisualStudioVersion = 17.7.34202.233
MinimumVisualStudioVersion = 10.0.40219.1
Project("{FAE04EC0-301F-11D3-BF4B-00C04F79EFBC}") = "TestDrag&Drop", "TestDrag&Drop.csproj", "{48FA0E9B-56E8-4BED-9744-99292D720FC0}"
EndProject
Global
	GlobalSection(SolutionConfigurationPlatforms) = preSolution
		Debug|Any CPU = Debug|Any CPU
		Release|Any CPU = Release|Any CPU
	EndGlobalSection
	GlobalSection(ProjectConfigurationPlatforms) = postSolution
		{48FA0E9B-56E8-4BED-9744-99292D720FC0}.Debug|Any CPU.ActiveCfg = Debug|Any CPU
		{48FA0E9B-56E8-4BED-9744-99292D720FC0}.Debug|Any CPU.Build.0 = Debug|Any CPU
		{48FA0E9B-56E8-4BED-9744-99292D720FC0}.Release|Any CPU.ActiveCfg = Release|Any CPU
		{48FA0E9B-56E8-4BED-9744-99292D720FC0}.Release|Any CPU.Build.0 = Release|Any CPU
	EndGlobalSection
	GlobalSection(SolutionProperties) = preSolution
		HideSolutionNode = FALSE
	EndGlobalSection
	GlobalSection(ExtensibilityGlobals) = postSolution
		SolutionGuid = {DB63FDC7-F5CD-4611-988F-FD22EC3A77A0}
	EndGlobalSection
EndGlobal
