
Microsoft Visual Studio Solution File, Format Version 12.00
# Visual Studio Version 17
VisualStudioVersion = 17.8.34330.188
MinimumVisualStudioVersion = 10.0.40219.1
Project("{FAE04EC0-301F-11D3-BF4B-00C04F79EFBC}") = "TestConexionBDD", "TestConexionBDD.csproj", "{3866C577-C8CE-4BD3-BA90-F698AB99275A}"
EndProject
Global
	GlobalSection(SolutionConfigurationPlatforms) = preSolution
		Debug|Any CPU = Debug|Any CPU
		Release|Any CPU = Release|Any CPU
	EndGlobalSection
	GlobalSection(ProjectConfigurationPlatforms) = postSolution
		{3866C577-C8CE-4BD3-BA90-F698AB99275A}.Debug|Any CPU.ActiveCfg = Debug|Any CPU
		{3866C577-C8CE-4BD3-BA90-F698AB99275A}.Debug|Any CPU.Build.0 = Debug|Any CPU
		{3866C577-C8CE-4BD3-BA90-F698AB99275A}.Release|Any CPU.ActiveCfg = Release|Any CPU
		{3866C577-C8CE-4BD3-BA90-F698AB99275A}.Release|Any CPU.Build.0 = Release|Any CPU
	EndGlobalSection
	GlobalSection(SolutionProperties) = preSolution
		HideSolutionNode = FALSE
	EndGlobalSection
	GlobalSection(ExtensibilityGlobals) = postSolution
		SolutionGuid = {5130753A-5FE1-4325-93D5-8BCC3177ABF2}
	EndGlobalSection
EndGlobal
