
Microsoft Visual Studio Solution File, Format Version 12.00
# Visual Studio Version 17
VisualStudioVersion = 17.8.34330.188
MinimumVisualStudioVersion = 10.0.40219.1
Project("{FAE04EC0-301F-11D3-BF4B-00C04F79EFBC}") = "RepasoCrudExamen", "RepasoCrudExamen.csproj", "{A4798B84-A0F9-4F8B-8226-C2A23DD7D5D2}"
EndProject
Global
	GlobalSection(SolutionConfigurationPlatforms) = preSolution
		Debug|Any CPU = Debug|Any CPU
		Release|Any CPU = Release|Any CPU
	EndGlobalSection
	GlobalSection(ProjectConfigurationPlatforms) = postSolution
		{A4798B84-A0F9-4F8B-8226-C2A23DD7D5D2}.Debug|Any CPU.ActiveCfg = Debug|Any CPU
		{A4798B84-A0F9-4F8B-8226-C2A23DD7D5D2}.Debug|Any CPU.Build.0 = Debug|Any CPU
		{A4798B84-A0F9-4F8B-8226-C2A23DD7D5D2}.Release|Any CPU.ActiveCfg = Release|Any CPU
		{A4798B84-A0F9-4F8B-8226-C2A23DD7D5D2}.Release|Any CPU.Build.0 = Release|Any CPU
	EndGlobalSection
	GlobalSection(SolutionProperties) = preSolution
		HideSolutionNode = FALSE
	EndGlobalSection
	GlobalSection(ExtensibilityGlobals) = postSolution
		SolutionGuid = {0BE79EC9-0E2A-438D-B495-6B8797FE562C}
	EndGlobalSection
EndGlobal
